
Microsoft Visual Studio Solution File, Format Version 12.00
# Visual Studio Version 17
VisualStudioVersion = 17.0.31903.59
MinimumVisualStudioVersion = 10.0.40219.1
Project("{FAE04EC0-301F-11D3-BF4B-00C04F79EFBC}") = "TowerFall.FortRise.mm", "TowerFall.FortRise.mm\TowerFall.FortRise.mm.csproj", "{534D2572-A41D-4CED-9A1A-A631FA98F6DD}"
EndProject
Project("{FAE04EC0-301F-11D3-BF4B-00C04F79EFBC}") = "FortLauncher", "FortLauncher\FortLauncher.csproj", "{A48F2DB9-4473-4388-8147-BF5447AAC331}"
EndProject
Project("{FAE04EC0-301F-11D3-BF4B-00C04F79EFBC}") = "FortRise.Configuration", "FortRise.Configuration\FortRise.Configuration.csproj", "{26E7AD57-D569-4AA2-B7C1-E7C72D411328}"
EndProject
Project("{2150E333-8FDC-42A3-9474-1A3956D46DE8}") = "InternalMods", "InternalMods", "{7A24DD53-3F63-6561-F8E3-DE7E18FDE481}"
EndProject
Project("{FAE04EC0-301F-11D3-BF4B-00C04F79EFBC}") = "FortRise.ImGui", "InternalMods\FortRise.ImGui\FortRise.ImGui.csproj", "{CDA0DDBC-C924-479D-A146-99CAD462C611}"
EndProject
Project("{FAE04EC0-301F-11D3-BF4B-00C04F79EFBC}") = "FortRise.Levels", "InternalMods\FortRise.Levels\FortRise.Levels.csproj", "{EC61D458-237A-485C-9431-BF9331AC34E5}"
EndProject
Global
	GlobalSection(SolutionConfigurationPlatforms) = preSolution
		Debug|Any CPU = Debug|Any CPU
		Debug|x64 = Debug|x64
		Debug|x86 = Debug|x86
		Release|Any CPU = Release|Any CPU
		Release|x64 = Release|x64
		Release|x86 = Release|x86
	EndGlobalSection
	GlobalSection(ProjectConfigurationPlatforms) = postSolution
		{534D2572-A41D-4CED-9A1A-A631FA98F6DD}.Debug|Any CPU.ActiveCfg = Debug|Any CPU
		{534D2572-A41D-4CED-9A1A-A631FA98F6DD}.Debug|Any CPU.Build.0 = Debug|Any CPU
		{534D2572-A41D-4CED-9A1A-A631FA98F6DD}.Debug|x64.ActiveCfg = Debug|Any CPU
		{534D2572-A41D-4CED-9A1A-A631FA98F6DD}.Debug|x64.Build.0 = Debug|Any CPU
		{534D2572-A41D-4CED-9A1A-A631FA98F6DD}.Debug|x86.ActiveCfg = Debug|Any CPU
		{534D2572-A41D-4CED-9A1A-A631FA98F6DD}.Debug|x86.Build.0 = Debug|Any CPU
		{534D2572-A41D-4CED-9A1A-A631FA98F6DD}.Release|Any CPU.ActiveCfg = Release|Any CPU
		{534D2572-A41D-4CED-9A1A-A631FA98F6DD}.Release|Any CPU.Build.0 = Release|Any CPU
		{534D2572-A41D-4CED-9A1A-A631FA98F6DD}.Release|x64.ActiveCfg = Release|Any CPU
		{534D2572-A41D-4CED-9A1A-A631FA98F6DD}.Release|x64.Build.0 = Release|Any CPU
		{534D2572-A41D-4CED-9A1A-A631FA98F6DD}.Release|x86.ActiveCfg = Release|Any CPU
		{534D2572-A41D-4CED-9A1A-A631FA98F6DD}.Release|x86.Build.0 = Release|Any CPU
		{A48F2DB9-4473-4388-8147-BF5447AAC331}.Debug|Any CPU.ActiveCfg = Debug|Any CPU
		{A48F2DB9-4473-4388-8147-BF5447AAC331}.Debug|Any CPU.Build.0 = Debug|Any CPU
		{A48F2DB9-4473-4388-8147-BF5447AAC331}.Debug|x64.ActiveCfg = Debug|Any CPU
		{A48F2DB9-4473-4388-8147-BF5447AAC331}.Debug|x64.Build.0 = Debug|Any CPU
		{A48F2DB9-4473-4388-8147-BF5447AAC331}.Debug|x86.ActiveCfg = Debug|Any CPU
		{A48F2DB9-4473-4388-8147-BF5447AAC331}.Debug|x86.Build.0 = Debug|Any CPU
		{A48F2DB9-4473-4388-8147-BF5447AAC331}.Release|Any CPU.ActiveCfg = Release|Any CPU
		{A48F2DB9-4473-4388-8147-BF5447AAC331}.Release|Any CPU.Build.0 = Release|Any CPU
		{A48F2DB9-4473-4388-8147-BF5447AAC331}.Release|x64.ActiveCfg = Release|Any CPU
		{A48F2DB9-4473-4388-8147-BF5447AAC331}.Release|x64.Build.0 = Release|Any CPU
		{A48F2DB9-4473-4388-8147-BF5447AAC331}.Release|x86.ActiveCfg = Release|Any CPU
		{A48F2DB9-4473-4388-8147-BF5447AAC331}.Release|x86.Build.0 = Release|Any CPU
		{26E7AD57-D569-4AA2-B7C1-E7C72D411328}.Debug|Any CPU.ActiveCfg = Debug|Any CPU
		{26E7AD57-D569-4AA2-B7C1-E7C72D411328}.Debug|Any CPU.Build.0 = Debug|Any CPU
		{26E7AD57-D569-4AA2-B7C1-E7C72D411328}.Debug|x64.ActiveCfg = Debug|Any CPU
		{26E7AD57-D569-4AA2-B7C1-E7C72D411328}.Debug|x64.Build.0 = Debug|Any CPU
		{26E7AD57-D569-4AA2-B7C1-E7C72D411328}.Debug|x86.ActiveCfg = Debug|Any CPU
		{26E7AD57-D569-4AA2-B7C1-E7C72D411328}.Debug|x86.Build.0 = Debug|Any CPU
		{26E7AD57-D569-4AA2-B7C1-E7C72D411328}.Release|Any CPU.ActiveCfg = Release|Any CPU
		{26E7AD57-D569-4AA2-B7C1-E7C72D411328}.Release|Any CPU.Build.0 = Release|Any CPU
		{26E7AD57-D569-4AA2-B7C1-E7C72D411328}.Release|x64.ActiveCfg = Release|Any CPU
		{26E7AD57-D569-4AA2-B7C1-E7C72D411328}.Release|x64.Build.0 = Release|Any CPU
		{26E7AD57-D569-4AA2-B7C1-E7C72D411328}.Release|x86.ActiveCfg = Release|Any CPU
		{26E7AD57-D569-4AA2-B7C1-E7C72D411328}.Release|x86.Build.0 = Release|Any CPU
		{CDA0DDBC-C924-479D-A146-99CAD462C611}.Debug|Any CPU.ActiveCfg = Debug|Any CPU
		{CDA0DDBC-C924-479D-A146-99CAD462C611}.Debug|Any CPU.Build.0 = Debug|Any CPU
		{CDA0DDBC-C924-479D-A146-99CAD462C611}.Debug|x64.ActiveCfg = Debug|Any CPU
		{CDA0DDBC-C924-479D-A146-99CAD462C611}.Debug|x64.Build.0 = Debug|Any CPU
		{CDA0DDBC-C924-479D-A146-99CAD462C611}.Debug|x86.ActiveCfg = Debug|Any CPU
		{CDA0DDBC-C924-479D-A146-99CAD462C611}.Debug|x86.Build.0 = Debug|Any CPU
		{CDA0DDBC-C924-479D-A146-99CAD462C611}.Release|Any CPU.ActiveCfg = Release|Any CPU
		{CDA0DDBC-C924-479D-A146-99CAD462C611}.Release|Any CPU.Build.0 = Release|Any CPU
		{CDA0DDBC-C924-479D-A146-99CAD462C611}.Release|x64.ActiveCfg = Release|Any CPU
		{CDA0DDBC-C924-479D-A146-99CAD462C611}.Release|x64.Build.0 = Release|Any CPU
		{CDA0DDBC-C924-479D-A146-99CAD462C611}.Release|x86.ActiveCfg = Release|Any CPU
		{CDA0DDBC-C924-479D-A146-99CAD462C611}.Release|x86.Build.0 = Release|Any CPU
		{EC61D458-237A-485C-9431-BF9331AC34E5}.Debug|Any CPU.ActiveCfg = Debug|Any CPU
		{EC61D458-237A-485C-9431-BF9331AC34E5}.Debug|Any CPU.Build.0 = Debug|Any CPU
		{EC61D458-237A-485C-9431-BF9331AC34E5}.Debug|x64.ActiveCfg = Debug|Any CPU
		{EC61D458-237A-485C-9431-BF9331AC34E5}.Debug|x64.Build.0 = Debug|Any CPU
		{EC61D458-237A-485C-9431-BF9331AC34E5}.Debug|x86.ActiveCfg = Debug|Any CPU
		{EC61D458-237A-485C-9431-BF9331AC34E5}.Debug|x86.Build.0 = Debug|Any CPU
		{EC61D458-237A-485C-9431-BF9331AC34E5}.Release|Any CPU.ActiveCfg = Release|Any CPU
		{EC61D458-237A-485C-9431-BF9331AC34E5}.Release|Any CPU.Build.0 = Release|Any CPU
		{EC61D458-237A-485C-9431-BF9331AC34E5}.Release|x64.ActiveCfg = Release|Any CPU
		{EC61D458-237A-485C-9431-BF9331AC34E5}.Release|x64.Build.0 = Release|Any CPU
		{EC61D458-237A-485C-9431-BF9331AC34E5}.Release|x86.ActiveCfg = Release|Any CPU
		{EC61D458-237A-485C-9431-BF9331AC34E5}.Release|x86.Build.0 = Release|Any CPU
	EndGlobalSection
	GlobalSection(SolutionProperties) = preSolution
		HideSolutionNode = FALSE
	EndGlobalSection
	GlobalSection(NestedProjects) = preSolution
		{CDA0DDBC-C924-479D-A146-99CAD462C611} = {7A24DD53-3F63-6561-F8E3-DE7E18FDE481}
		{EC61D458-237A-485C-9431-BF9331AC34E5} = {7A24DD53-3F63-6561-F8E3-DE7E18FDE481}
	EndGlobalSection
EndGlobal
